// !$*UTF8*$!
{
	archiveVersion = 1;
	classes = {
	};
	objectVersion = 55;
	objects = {

/* Begin PBXBuildFile section */
		CE0DFCD7288AF74900EBBA05 /* CryptoAssetsUI.h in Headers */ = {isa = PBXBuildFile; fileRef = CE0DFCC9288AF74900EBBA05 /* CryptoAssetsUI.h */; settings = {ATTRIBUTES = (Public, ); }; };
		CE0DFCDA288AF74900EBBA05 /* CryptoAssetsUI.framework in Frameworks */ = {isa = PBXBuildFile; fileRef = CE0DFCC7288AF74900EBBA05 /* CryptoAssetsUI.framework */; };
		CE0DFCDC288AF74900EBBA05 /* CryptoAssetsUI.framework in Embed Frameworks */ = {isa = PBXBuildFile; fileRef = CE0DFCC7288AF74900EBBA05 /* CryptoAssetsUI.framework */; settings = {ATTRIBUTES = (CodeSignOnCopy, RemoveHeadersOnCopy, ); }; };
		CE0DFCEA288AF78F00EBBA05 /* CryptoAssetsUITests.swift in Sources */ = {isa = PBXBuildFile; fileRef = CE0DFCE9288AF78F00EBBA05 /* CryptoAssetsUITests.swift */; };
		CE0DFCEB288AF78F00EBBA05 /* CryptoAssetsUI.framework in Frameworks */ = {isa = PBXBuildFile; fileRef = CE0DFCC7288AF74900EBBA05 /* CryptoAssetsUI.framework */; };
		CE0DFD23288AF99C00EBBA05 /* CryptoAssetsCore.framework in Frameworks */ = {isa = PBXBuildFile; fileRef = CE0DFD1B288AF99C00EBBA05 /* CryptoAssetsCore.framework */; };
		CE0DFD2A288AF99C00EBBA05 /* CryptoAssetsCoreTests.swift in Sources */ = {isa = PBXBuildFile; fileRef = CE0DFD29288AF99C00EBBA05 /* CryptoAssetsCoreTests.swift */; };
		CE0DFD2B288AF99C00EBBA05 /* CryptoAssetsCore.h in Headers */ = {isa = PBXBuildFile; fileRef = CE0DFD1D288AF99C00EBBA05 /* CryptoAssetsCore.h */; settings = {ATTRIBUTES = (Public, ); }; };
		CE0DFD2E288AF99C00EBBA05 /* CryptoAssetsCore.framework in Frameworks */ = {isa = PBXBuildFile; fileRef = CE0DFD1B288AF99C00EBBA05 /* CryptoAssetsCore.framework */; };
		CE0DFD2F288AF99C00EBBA05 /* CryptoAssetsCore.framework in Embed Frameworks */ = {isa = PBXBuildFile; fileRef = CE0DFD1B288AF99C00EBBA05 /* CryptoAssetsCore.framework */; settings = {ATTRIBUTES = (CodeSignOnCopy, RemoveHeadersOnCopy, ); }; };
		CE0DFD3D288AFEF600EBBA05 /* Coin.swift in Sources */ = {isa = PBXBuildFile; fileRef = CE0DFD3C288AFEF600EBBA05 /* Coin.swift */; };
		CE0DFD3F288B04B700EBBA05 /* CoinService.swift in Sources */ = {isa = PBXBuildFile; fileRef = CE0DFD3E288B04B700EBBA05 /* CoinService.swift */; };
		CE0DFD43288B904C00EBBA05 /* CoinsListViewController.swift in Sources */ = {isa = PBXBuildFile; fileRef = CE0DFD42288B904C00EBBA05 /* CoinsListViewController.swift */; };
		CE0DFD47288B90C200EBBA05 /* CryptoAssetsCore.framework in Frameworks */ = {isa = PBXBuildFile; fileRef = CE0DFD1B288AF99C00EBBA05 /* CryptoAssetsCore.framework */; };
		CE0DFD48288B90C200EBBA05 /* CryptoAssetsCore.framework in Embed Frameworks */ = {isa = PBXBuildFile; fileRef = CE0DFD1B288AF99C00EBBA05 /* CryptoAssetsCore.framework */; settings = {ATTRIBUTES = (CodeSignOnCopy, RemoveHeadersOnCopy, ); }; };
		CE0DFD4E288B914000EBBA05 /* CoinCellModel.swift in Sources */ = {isa = PBXBuildFile; fileRef = CE0DFD4D288B914000EBBA05 /* CoinCellModel.swift */; };
		CE0DFD50288B92C200EBBA05 /* CoinCell.swift in Sources */ = {isa = PBXBuildFile; fileRef = CE0DFD4F288B92C200EBBA05 /* CoinCell.swift */; };
		CE0DFD52288B931D00EBBA05 /* CoinsList.storyboard in Resources */ = {isa = PBXBuildFile; fileRef = CE0DFD51288B931D00EBBA05 /* CoinsList.storyboard */; };
		CE0DFD55288B97CE00EBBA05 /* CoinsListUIComposer.swift in Sources */ = {isa = PBXBuildFile; fileRef = CE0DFD54288B97CE00EBBA05 /* CoinsListUIComposer.swift */; };
		CE0DFD57288B9E8400EBBA05 /* CoinsListViewModel.swift in Sources */ = {isa = PBXBuildFile; fileRef = CE0DFD56288B9E8400EBBA05 /* CoinsListViewModel.swift */; };
		CE0DFD5B288BA2EC00EBBA05 /* UITableView+Dequeueing.swift in Sources */ = {isa = PBXBuildFile; fileRef = CE0DFD5A288BA2EC00EBBA05 /* UITableView+Dequeueing.swift */; };
		CE4518BC288AF01B0026C8CF /* AppDelegate.swift in Sources */ = {isa = PBXBuildFile; fileRef = CE4518BB288AF01B0026C8CF /* AppDelegate.swift */; };
		CE4518BE288AF01B0026C8CF /* SceneDelegate.swift in Sources */ = {isa = PBXBuildFile; fileRef = CE4518BD288AF01B0026C8CF /* SceneDelegate.swift */; };
		CE4518C5288AF01D0026C8CF /* Assets.xcassets in Resources */ = {isa = PBXBuildFile; fileRef = CE4518C4288AF01D0026C8CF /* Assets.xcassets */; };
		CE4518C8288AF01D0026C8CF /* LaunchScreen.storyboard in Resources */ = {isa = PBXBuildFile; fileRef = CE4518C6288AF01D0026C8CF /* LaunchScreen.storyboard */; };
		CE4518D3288AF01E0026C8CF /* CryptoAssetsAppTests.swift in Sources */ = {isa = PBXBuildFile; fileRef = CE4518D2288AF01E0026C8CF /* CryptoAssetsAppTests.swift */; };
/* End PBXBuildFile section */

/* Begin PBXContainerItemProxy section */
		CE0DFCD8288AF74900EBBA05 /* PBXContainerItemProxy */ = {
			isa = PBXContainerItemProxy;
			containerPortal = CE4518B0288AF01B0026C8CF /* Project object */;
			proxyType = 1;
			remoteGlobalIDString = CE0DFCC6288AF74900EBBA05;
			remoteInfo = CryptoAssetsUI;
		};
		CE0DFCEC288AF78F00EBBA05 /* PBXContainerItemProxy */ = {
			isa = PBXContainerItemProxy;
			containerPortal = CE4518B0288AF01B0026C8CF /* Project object */;
			proxyType = 1;
			remoteGlobalIDString = CE0DFCC6288AF74900EBBA05;
			remoteInfo = CryptoAssetsUI;
		};
		CE0DFCF1288AF82F00EBBA05 /* PBXContainerItemProxy */ = {
			isa = PBXContainerItemProxy;
			containerPortal = CE4518B0288AF01B0026C8CF /* Project object */;
			proxyType = 1;
			remoteGlobalIDString = CE4518B7288AF01B0026C8CF;
			remoteInfo = CryptoAssetsApp;
		};
		CE0DFD24288AF99C00EBBA05 /* PBXContainerItemProxy */ = {
			isa = PBXContainerItemProxy;
			containerPortal = CE4518B0288AF01B0026C8CF /* Project object */;
			proxyType = 1;
			remoteGlobalIDString = CE0DFD1A288AF99C00EBBA05;
			remoteInfo = CryptoAssetsCore;
		};
		CE0DFD26288AF99C00EBBA05 /* PBXContainerItemProxy */ = {
			isa = PBXContainerItemProxy;
			containerPortal = CE4518B0288AF01B0026C8CF /* Project object */;
			proxyType = 1;
			remoteGlobalIDString = CE4518B7288AF01B0026C8CF;
			remoteInfo = CryptoAssetsApp;
		};
		CE0DFD2C288AF99C00EBBA05 /* PBXContainerItemProxy */ = {
			isa = PBXContainerItemProxy;
			containerPortal = CE4518B0288AF01B0026C8CF /* Project object */;
			proxyType = 1;
			remoteGlobalIDString = CE0DFD1A288AF99C00EBBA05;
			remoteInfo = CryptoAssetsCore;
		};
		CE0DFD49288B90C200EBBA05 /* PBXContainerItemProxy */ = {
			isa = PBXContainerItemProxy;
			containerPortal = CE4518B0288AF01B0026C8CF /* Project object */;
			proxyType = 1;
			remoteGlobalIDString = CE0DFD1A288AF99C00EBBA05;
			remoteInfo = CryptoAssetsCore;
		};
		CE4518CF288AF01E0026C8CF /* PBXContainerItemProxy */ = {
			isa = PBXContainerItemProxy;
			containerPortal = CE4518B0288AF01B0026C8CF /* Project object */;
			proxyType = 1;
			remoteGlobalIDString = CE4518B7288AF01B0026C8CF;
			remoteInfo = CryptoAssetsApp;
		};
/* End PBXContainerItemProxy section */

/* Begin PBXCopyFilesBuildPhase section */
		CE0DFCDB288AF74900EBBA05 /* Embed Frameworks */ = {
			isa = PBXCopyFilesBuildPhase;
			buildActionMask = 2147483647;
			dstPath = "";
			dstSubfolderSpec = 10;
			files = (
				CE0DFCDC288AF74900EBBA05 /* CryptoAssetsUI.framework in Embed Frameworks */,
				CE0DFD2F288AF99C00EBBA05 /* CryptoAssetsCore.framework in Embed Frameworks */,
			);
			name = "Embed Frameworks";
			runOnlyForDeploymentPostprocessing = 0;
		};
		CE0DFD4B288B90C300EBBA05 /* Embed Frameworks */ = {
			isa = PBXCopyFilesBuildPhase;
			buildActionMask = 2147483647;
			dstPath = "";
			dstSubfolderSpec = 10;
			files = (
				CE0DFD48288B90C200EBBA05 /* CryptoAssetsCore.framework in Embed Frameworks */,
			);
			name = "Embed Frameworks";
			runOnlyForDeploymentPostprocessing = 0;
		};
/* End PBXCopyFilesBuildPhase section */

/* Begin PBXFileReference section */
		CE0DFCC7288AF74900EBBA05 /* CryptoAssetsUI.framework */ = {isa = PBXFileReference; explicitFileType = wrapper.framework; includeInIndex = 0; path = CryptoAssetsUI.framework; sourceTree = BUILT_PRODUCTS_DIR; };
		CE0DFCC9288AF74900EBBA05 /* CryptoAssetsUI.h */ = {isa = PBXFileReference; lastKnownFileType = sourcecode.c.h; path = CryptoAssetsUI.h; sourceTree = "<group>"; };
		CE0DFCE7288AF78F00EBBA05 /* CryptoAssetsUITests.xctest */ = {isa = PBXFileReference; explicitFileType = wrapper.cfbundle; includeInIndex = 0; path = CryptoAssetsUITests.xctest; sourceTree = BUILT_PRODUCTS_DIR; };
		CE0DFCE9288AF78F00EBBA05 /* CryptoAssetsUITests.swift */ = {isa = PBXFileReference; lastKnownFileType = sourcecode.swift; path = CryptoAssetsUITests.swift; sourceTree = "<group>"; };
		CE0DFD1B288AF99C00EBBA05 /* CryptoAssetsCore.framework */ = {isa = PBXFileReference; explicitFileType = wrapper.framework; includeInIndex = 0; path = CryptoAssetsCore.framework; sourceTree = BUILT_PRODUCTS_DIR; };
		CE0DFD1D288AF99C00EBBA05 /* CryptoAssetsCore.h */ = {isa = PBXFileReference; lastKnownFileType = sourcecode.c.h; path = CryptoAssetsCore.h; sourceTree = "<group>"; };
		CE0DFD22288AF99C00EBBA05 /* CryptoAssetsCoreTests.xctest */ = {isa = PBXFileReference; explicitFileType = wrapper.cfbundle; includeInIndex = 0; path = CryptoAssetsCoreTests.xctest; sourceTree = BUILT_PRODUCTS_DIR; };
		CE0DFD29288AF99C00EBBA05 /* CryptoAssetsCoreTests.swift */ = {isa = PBXFileReference; lastKnownFileType = sourcecode.swift; path = CryptoAssetsCoreTests.swift; sourceTree = "<group>"; };
		CE0DFD3C288AFEF600EBBA05 /* Coin.swift */ = {isa = PBXFileReference; lastKnownFileType = sourcecode.swift; path = Coin.swift; sourceTree = "<group>"; };
		CE0DFD3E288B04B700EBBA05 /* CoinService.swift */ = {isa = PBXFileReference; lastKnownFileType = sourcecode.swift; path = CoinService.swift; sourceTree = "<group>"; };
		CE0DFD42288B904C00EBBA05 /* CoinsListViewController.swift */ = {isa = PBXFileReference; lastKnownFileType = sourcecode.swift; path = CoinsListViewController.swift; sourceTree = "<group>"; };
		CE0DFD4D288B914000EBBA05 /* CoinCellModel.swift */ = {isa = PBXFileReference; lastKnownFileType = sourcecode.swift; path = CoinCellModel.swift; sourceTree = "<group>"; };
		CE0DFD4F288B92C200EBBA05 /* CoinCell.swift */ = {isa = PBXFileReference; lastKnownFileType = sourcecode.swift; path = CoinCell.swift; sourceTree = "<group>"; };
		CE0DFD51288B931D00EBBA05 /* CoinsList.storyboard */ = {isa = PBXFileReference; lastKnownFileType = file.storyboard; path = CoinsList.storyboard; sourceTree = "<group>"; };
		CE0DFD54288B97CE00EBBA05 /* CoinsListUIComposer.swift */ = {isa = PBXFileReference; lastKnownFileType = sourcecode.swift; path = CoinsListUIComposer.swift; sourceTree = "<group>"; };
		CE0DFD56288B9E8400EBBA05 /* CoinsListViewModel.swift */ = {isa = PBXFileReference; lastKnownFileType = sourcecode.swift; path = CoinsListViewModel.swift; sourceTree = "<group>"; };
		CE0DFD5A288BA2EC00EBBA05 /* UITableView+Dequeueing.swift */ = {isa = PBXFileReference; lastKnownFileType = sourcecode.swift; path = "UITableView+Dequeueing.swift"; sourceTree = "<group>"; };
		CE4518B8288AF01B0026C8CF /* CryptoAssetsApp.app */ = {isa = PBXFileReference; explicitFileType = wrapper.application; includeInIndex = 0; path = CryptoAssetsApp.app; sourceTree = BUILT_PRODUCTS_DIR; };
		CE4518BB288AF01B0026C8CF /* AppDelegate.swift */ = {isa = PBXFileReference; lastKnownFileType = sourcecode.swift; path = AppDelegate.swift; sourceTree = "<group>"; };
		CE4518BD288AF01B0026C8CF /* SceneDelegate.swift */ = {isa = PBXFileReference; lastKnownFileType = sourcecode.swift; path = SceneDelegate.swift; sourceTree = "<group>"; };
		CE4518C4288AF01D0026C8CF /* Assets.xcassets */ = {isa = PBXFileReference; lastKnownFileType = folder.assetcatalog; path = Assets.xcassets; sourceTree = "<group>"; };
		CE4518C7288AF01D0026C8CF /* Base */ = {isa = PBXFileReference; lastKnownFileType = file.storyboard; name = Base; path = Base.lproj/LaunchScreen.storyboard; sourceTree = "<group>"; };
		CE4518C9288AF01D0026C8CF /* Info.plist */ = {isa = PBXFileReference; lastKnownFileType = text.plist.xml; path = Info.plist; sourceTree = "<group>"; };
		CE4518CE288AF01E0026C8CF /* CryptoAssetsAppTests.xctest */ = {isa = PBXFileReference; explicitFileType = wrapper.cfbundle; includeInIndex = 0; path = CryptoAssetsAppTests.xctest; sourceTree = BUILT_PRODUCTS_DIR; };
		CE4518D2288AF01E0026C8CF /* CryptoAssetsAppTests.swift */ = {isa = PBXFileReference; lastKnownFileType = sourcecode.swift; path = CryptoAssetsAppTests.swift; sourceTree = "<group>"; };
/* End PBXFileReference section */

/* Begin PBXFrameworksBuildPhase section */
		CE0DFCC4288AF74900EBBA05 /* Frameworks */ = {
			isa = PBXFrameworksBuildPhase;
			buildActionMask = 2147483647;
			files = (
				CE0DFD47288B90C200EBBA05 /* CryptoAssetsCore.framework in Frameworks */,
			);
			runOnlyForDeploymentPostprocessing = 0;
		};
		CE0DFCE4288AF78F00EBBA05 /* Frameworks */ = {
			isa = PBXFrameworksBuildPhase;
			buildActionMask = 2147483647;
			files = (
				CE0DFCEB288AF78F00EBBA05 /* CryptoAssetsUI.framework in Frameworks */,
			);
			runOnlyForDeploymentPostprocessing = 0;
		};
		CE0DFD18288AF99C00EBBA05 /* Frameworks */ = {
			isa = PBXFrameworksBuildPhase;
			buildActionMask = 2147483647;
			files = (
			);
			runOnlyForDeploymentPostprocessing = 0;
		};
		CE0DFD1F288AF99C00EBBA05 /* Frameworks */ = {
			isa = PBXFrameworksBuildPhase;
			buildActionMask = 2147483647;
			files = (
				CE0DFD23288AF99C00EBBA05 /* CryptoAssetsCore.framework in Frameworks */,
			);
			runOnlyForDeploymentPostprocessing = 0;
		};
		CE4518B5288AF01B0026C8CF /* Frameworks */ = {
			isa = PBXFrameworksBuildPhase;
			buildActionMask = 2147483647;
			files = (
				CE0DFCDA288AF74900EBBA05 /* CryptoAssetsUI.framework in Frameworks */,
				CE0DFD2E288AF99C00EBBA05 /* CryptoAssetsCore.framework in Frameworks */,
			);
			runOnlyForDeploymentPostprocessing = 0;
		};
		CE4518CB288AF01E0026C8CF /* Frameworks */ = {
			isa = PBXFrameworksBuildPhase;
			buildActionMask = 2147483647;
			files = (
			);
			runOnlyForDeploymentPostprocessing = 0;
		};
/* End PBXFrameworksBuildPhase section */

/* Begin PBXGroup section */
		CE0DFCC8288AF74900EBBA05 /* CryptoAssetsUI */ = {
			isa = PBXGroup;
			children = (
				CE0DFD15288AF92600EBBA05 /* Source */,
				CE0DFD14288AF92600EBBA05 /* Tests */,
				CE0DFCC9288AF74900EBBA05 /* CryptoAssetsUI.h */,
			);
			path = CryptoAssetsUI;
			sourceTree = "<group>";
		};
		CE0DFD14288AF92600EBBA05 /* Tests */ = {
			isa = PBXGroup;
			children = (
				CE0DFCE9288AF78F00EBBA05 /* CryptoAssetsUITests.swift */,
			);
			path = Tests;
			sourceTree = "<group>";
		};
		CE0DFD15288AF92600EBBA05 /* Source */ = {
			isa = PBXGroup;
			children = (
				CE0DFD40288B902E00EBBA05 /* Scenes */,
				CE0DFD58288BA2C200EBBA05 /* Helpers */,
			);
			path = Source;
			sourceTree = "<group>";
		};
		CE0DFD1C288AF99C00EBBA05 /* CryptoAssetsCore */ = {
			isa = PBXGroup;
			children = (
				CE0DFD36288AF9AC00EBBA05 /* Source */,
				CE0DFD37288AF9AF00EBBA05 /* Tests */,
				CE0DFD1D288AF99C00EBBA05 /* CryptoAssetsCore.h */,
			);
			path = CryptoAssetsCore;
			sourceTree = "<group>";
		};
		CE0DFD36288AF9AC00EBBA05 /* Source */ = {
			isa = PBXGroup;
			children = (
				CE0DFD39288AFD5700EBBA05 /* Data */,
				CE0DFD38288AFD5000EBBA05 /* Domain */,
			);
			path = Source;
			sourceTree = "<group>";
		};
		CE0DFD37288AF9AF00EBBA05 /* Tests */ = {
			isa = PBXGroup;
			children = (
				CE0DFD29288AF99C00EBBA05 /* CryptoAssetsCoreTests.swift */,
			);
			path = Tests;
			sourceTree = "<group>";
		};
		CE0DFD38288AFD5000EBBA05 /* Domain */ = {
			isa = PBXGroup;
			children = (
				CE0DFD3A288AFD6200EBBA05 /* Entities */,
				CE0DFD3B288AFDD100EBBA05 /* Services */,
			);
			path = Domain;
			sourceTree = "<group>";
		};
		CE0DFD39288AFD5700EBBA05 /* Data */ = {
			isa = PBXGroup;
			children = (
			);
			path = Data;
			sourceTree = "<group>";
		};
		CE0DFD3A288AFD6200EBBA05 /* Entities */ = {
			isa = PBXGroup;
			children = (
				CE0DFD3C288AFEF600EBBA05 /* Coin.swift */,
			);
			path = Entities;
			sourceTree = "<group>";
		};
		CE0DFD3B288AFDD100EBBA05 /* Services */ = {
			isa = PBXGroup;
			children = (
				CE0DFD3E288B04B700EBBA05 /* CoinService.swift */,
			);
			path = Services;
			sourceTree = "<group>";
		};
		CE0DFD40288B902E00EBBA05 /* Scenes */ = {
			isa = PBXGroup;
			children = (
				CE0DFD41288B903700EBBA05 /* CoinsList */,
			);
			path = Scenes;
			sourceTree = "<group>";
		};
		CE0DFD41288B903700EBBA05 /* CoinsList */ = {
			isa = PBXGroup;
			children = (
				CE0DFD53288B97BF00EBBA05 /* Composer */,
				CE0DFD4C288B90EA00EBBA05 /* View Models */,
				CE0DFD45288B908500EBBA05 /* View Controller */,
				CE0DFD44288B907C00EBBA05 /* Views */,
			);
			path = CoinsList;
			sourceTree = "<group>";
		};
		CE0DFD44288B907C00EBBA05 /* Views */ = {
			isa = PBXGroup;
			children = (
				CE0DFD4F288B92C200EBBA05 /* CoinCell.swift */,
				CE0DFD51288B931D00EBBA05 /* CoinsList.storyboard */,
			);
			path = Views;
			sourceTree = "<group>";
		};
		CE0DFD45288B908500EBBA05 /* View Controller */ = {
			isa = PBXGroup;
			children = (
				CE0DFD42288B904C00EBBA05 /* CoinsListViewController.swift */,
			);
			path = "View Controller";
			sourceTree = "<group>";
		};
		CE0DFD46288B90C200EBBA05 /* Frameworks */ = {
			isa = PBXGroup;
			children = (
			);
			name = Frameworks;
			sourceTree = "<group>";
		};
		CE0DFD4C288B90EA00EBBA05 /* View Models */ = {
			isa = PBXGroup;
			children = (
				CE0DFD4D288B914000EBBA05 /* CoinCellModel.swift */,
				CE0DFD56288B9E8400EBBA05 /* CoinsListViewModel.swift */,
			);
			path = "View Models";
			sourceTree = "<group>";
		};
		CE0DFD53288B97BF00EBBA05 /* Composer */ = {
			isa = PBXGroup;
			children = (
				CE0DFD54288B97CE00EBBA05 /* CoinsListUIComposer.swift */,
			);
			path = Composer;
			sourceTree = "<group>";
		};
		CE0DFD58288BA2C200EBBA05 /* Helpers */ = {
			isa = PBXGroup;
			children = (
				CE0DFD59288BA2CD00EBBA05 /* Views */,
			);
			path = Helpers;
			sourceTree = "<group>";
		};
		CE0DFD59288BA2CD00EBBA05 /* Views */ = {
			isa = PBXGroup;
			children = (
				CE0DFD5A288BA2EC00EBBA05 /* UITableView+Dequeueing.swift */,
			);
			path = Views;
			sourceTree = "<group>";
		};
		CE4518AF288AF01B0026C8CF = {
			isa = PBXGroup;
			children = (
				CE4518BA288AF01B0026C8CF /* CryptoAssetsApp */,
				CE0DFCC8288AF74900EBBA05 /* CryptoAssetsUI */,
				CE0DFD1C288AF99C00EBBA05 /* CryptoAssetsCore */,
				CE4518B9288AF01B0026C8CF /* Products */,
				CE0DFD46288B90C200EBBA05 /* Frameworks */,
			);
			sourceTree = "<group>";
		};
		CE4518B9288AF01B0026C8CF /* Products */ = {
			isa = PBXGroup;
			children = (
				CE4518B8288AF01B0026C8CF /* CryptoAssetsApp.app */,
				CE4518CE288AF01E0026C8CF /* CryptoAssetsAppTests.xctest */,
				CE0DFCC7288AF74900EBBA05 /* CryptoAssetsUI.framework */,
				CE0DFCE7288AF78F00EBBA05 /* CryptoAssetsUITests.xctest */,
				CE0DFD1B288AF99C00EBBA05 /* CryptoAssetsCore.framework */,
				CE0DFD22288AF99C00EBBA05 /* CryptoAssetsCoreTests.xctest */,
			);
			name = Products;
			sourceTree = "<group>";
		};
		CE4518BA288AF01B0026C8CF /* CryptoAssetsApp */ = {
			isa = PBXGroup;
			children = (
				CE4518EB288AF02E0026C8CF /* Source */,
				CE4518EC288AF0440026C8CF /* Tests */,
				CE4518ED288AF1280026C8CF /* Supporting Files */,
			);
			path = CryptoAssetsApp;
			sourceTree = "<group>";
		};
		CE4518EB288AF02E0026C8CF /* Source */ = {
			isa = PBXGroup;
			children = (
				CE4518BB288AF01B0026C8CF /* AppDelegate.swift */,
				CE4518BD288AF01B0026C8CF /* SceneDelegate.swift */,
			);
			path = Source;
			sourceTree = "<group>";
		};
		CE4518EC288AF0440026C8CF /* Tests */ = {
			isa = PBXGroup;
			children = (
				CE4518D2288AF01E0026C8CF /* CryptoAssetsAppTests.swift */,
			);
			path = Tests;
			sourceTree = "<group>";
		};
		CE4518ED288AF1280026C8CF /* Supporting Files */ = {
			isa = PBXGroup;
			children = (
				CE4518C4288AF01D0026C8CF /* Assets.xcassets */,
				CE4518C6288AF01D0026C8CF /* LaunchScreen.storyboard */,
				CE4518C9288AF01D0026C8CF /* Info.plist */,
			);
			path = "Supporting Files";
			sourceTree = "<group>";
		};
/* End PBXGroup section */

/* Begin PBXHeadersBuildPhase section */
		CE0DFCC2288AF74900EBBA05 /* Headers */ = {
			isa = PBXHeadersBuildPhase;
			buildActionMask = 2147483647;
			files = (
				CE0DFCD7288AF74900EBBA05 /* CryptoAssetsUI.h in Headers */,
			);
			runOnlyForDeploymentPostprocessing = 0;
		};
		CE0DFD16288AF99C00EBBA05 /* Headers */ = {
			isa = PBXHeadersBuildPhase;
			buildActionMask = 2147483647;
			files = (
				CE0DFD2B288AF99C00EBBA05 /* CryptoAssetsCore.h in Headers */,
			);
			runOnlyForDeploymentPostprocessing = 0;
		};
/* End PBXHeadersBuildPhase section */

/* Begin PBXNativeTarget section */
		CE0DFCC6288AF74900EBBA05 /* CryptoAssetsUI */ = {
			isa = PBXNativeTarget;
			buildConfigurationList = CE0DFCE1288AF74900EBBA05 /* Build configuration list for PBXNativeTarget "CryptoAssetsUI" */;
			buildPhases = (
				CE0DFCC2288AF74900EBBA05 /* Headers */,
				CE0DFCC3288AF74900EBBA05 /* Sources */,
				CE0DFCC4288AF74900EBBA05 /* Frameworks */,
				CE0DFCC5288AF74900EBBA05 /* Resources */,
				CE0DFD4B288B90C300EBBA05 /* Embed Frameworks */,
			);
			buildRules = (
			);
			dependencies = (
				CE0DFD4A288B90C200EBBA05 /* PBXTargetDependency */,
			);
			name = CryptoAssetsUI;
			productName = CryptoAssetsUI;
			productReference = CE0DFCC7288AF74900EBBA05 /* CryptoAssetsUI.framework */;
			productType = "com.apple.product-type.framework";
		};
		CE0DFCE6288AF78F00EBBA05 /* CryptoAssetsUITests */ = {
			isa = PBXNativeTarget;
			buildConfigurationList = CE0DFCEE288AF78F00EBBA05 /* Build configuration list for PBXNativeTarget "CryptoAssetsUITests" */;
			buildPhases = (
				CE0DFCE3288AF78F00EBBA05 /* Sources */,
				CE0DFCE4288AF78F00EBBA05 /* Frameworks */,
				CE0DFCE5288AF78F00EBBA05 /* Resources */,
			);
			buildRules = (
			);
			dependencies = (
				CE0DFCED288AF78F00EBBA05 /* PBXTargetDependency */,
				CE0DFCF2288AF82F00EBBA05 /* PBXTargetDependency */,
			);
			name = CryptoAssetsUITests;
			productName = CryptoAssetsUITests;
			productReference = CE0DFCE7288AF78F00EBBA05 /* CryptoAssetsUITests.xctest */;
			productType = "com.apple.product-type.bundle.unit-test";
		};
		CE0DFD1A288AF99C00EBBA05 /* CryptoAssetsCore */ = {
			isa = PBXNativeTarget;
			buildConfigurationList = CE0DFD30288AF99C00EBBA05 /* Build configuration list for PBXNativeTarget "CryptoAssetsCore" */;
			buildPhases = (
				CE0DFD16288AF99C00EBBA05 /* Headers */,
				CE0DFD17288AF99C00EBBA05 /* Sources */,
				CE0DFD18288AF99C00EBBA05 /* Frameworks */,
				CE0DFD19288AF99C00EBBA05 /* Resources */,
			);
			buildRules = (
			);
			dependencies = (
			);
			name = CryptoAssetsCore;
			productName = CryptoAssetsCore;
			productReference = CE0DFD1B288AF99C00EBBA05 /* CryptoAssetsCore.framework */;
			productType = "com.apple.product-type.framework";
		};
		CE0DFD21288AF99C00EBBA05 /* CryptoAssetsCoreTests */ = {
			isa = PBXNativeTarget;
			buildConfigurationList = CE0DFD33288AF99C00EBBA05 /* Build configuration list for PBXNativeTarget "CryptoAssetsCoreTests" */;
			buildPhases = (
				CE0DFD1E288AF99C00EBBA05 /* Sources */,
				CE0DFD1F288AF99C00EBBA05 /* Frameworks */,
				CE0DFD20288AF99C00EBBA05 /* Resources */,
			);
			buildRules = (
			);
			dependencies = (
				CE0DFD25288AF99C00EBBA05 /* PBXTargetDependency */,
				CE0DFD27288AF99C00EBBA05 /* PBXTargetDependency */,
			);
			name = CryptoAssetsCoreTests;
			productName = CryptoAssetsCoreTests;
			productReference = CE0DFD22288AF99C00EBBA05 /* CryptoAssetsCoreTests.xctest */;
			productType = "com.apple.product-type.bundle.unit-test";
		};
		CE4518B7288AF01B0026C8CF /* CryptoAssetsApp */ = {
			isa = PBXNativeTarget;
			buildConfigurationList = CE4518E2288AF01E0026C8CF /* Build configuration list for PBXNativeTarget "CryptoAssetsApp" */;
			buildPhases = (
				CE4518B4288AF01B0026C8CF /* Sources */,
				CE4518B5288AF01B0026C8CF /* Frameworks */,
				CE4518B6288AF01B0026C8CF /* Resources */,
				CE0DFCDB288AF74900EBBA05 /* Embed Frameworks */,
			);
			buildRules = (
			);
			dependencies = (
				CE0DFCD9288AF74900EBBA05 /* PBXTargetDependency */,
				CE0DFD2D288AF99C00EBBA05 /* PBXTargetDependency */,
			);
			name = CryptoAssetsApp;
			productName = CryptoAssetsApp;
			productReference = CE4518B8288AF01B0026C8CF /* CryptoAssetsApp.app */;
			productType = "com.apple.product-type.application";
		};
		CE4518CD288AF01E0026C8CF /* CryptoAssetsAppTests */ = {
			isa = PBXNativeTarget;
			buildConfigurationList = CE4518E5288AF01E0026C8CF /* Build configuration list for PBXNativeTarget "CryptoAssetsAppTests" */;
			buildPhases = (
				CE4518CA288AF01E0026C8CF /* Sources */,
				CE4518CB288AF01E0026C8CF /* Frameworks */,
				CE4518CC288AF01E0026C8CF /* Resources */,
			);
			buildRules = (
			);
			dependencies = (
				CE4518D0288AF01E0026C8CF /* PBXTargetDependency */,
			);
			name = CryptoAssetsAppTests;
			productName = CryptoAssetsAppTests;
			productReference = CE4518CE288AF01E0026C8CF /* CryptoAssetsAppTests.xctest */;
			productType = "com.apple.product-type.bundle.unit-test";
		};
/* End PBXNativeTarget section */

/* Begin PBXProject section */
		CE4518B0288AF01B0026C8CF /* Project object */ = {
			isa = PBXProject;
			attributes = {
				BuildIndependentTargetsInParallel = 1;
				LastSwiftUpdateCheck = 1340;
				LastUpgradeCheck = 1340;
				TargetAttributes = {
					CE0DFCC6288AF74900EBBA05 = {
						CreatedOnToolsVersion = 13.4.1;
						LastSwiftMigration = 1340;
					};
					CE0DFCE6288AF78F00EBBA05 = {
						CreatedOnToolsVersion = 13.4.1;
					};
					CE0DFD1A288AF99C00EBBA05 = {
						CreatedOnToolsVersion = 13.4.1;
						LastSwiftMigration = 1340;
					};
					CE0DFD21288AF99C00EBBA05 = {
						CreatedOnToolsVersion = 13.4.1;
						TestTargetID = CE4518B7288AF01B0026C8CF;
					};
					CE4518B7288AF01B0026C8CF = {
						CreatedOnToolsVersion = 13.4.1;
					};
					CE4518CD288AF01E0026C8CF = {
						CreatedOnToolsVersion = 13.4.1;
						TestTargetID = CE4518B7288AF01B0026C8CF;
					};
				};
			};
			buildConfigurationList = CE4518B3288AF01B0026C8CF /* Build configuration list for PBXProject "CryptoAssetsApp" */;
			compatibilityVersion = "Xcode 13.0";
			developmentRegion = en;
			hasScannedForEncodings = 0;
			knownRegions = (
				en,
				Base,
			);
			mainGroup = CE4518AF288AF01B0026C8CF;
			productRefGroup = CE4518B9288AF01B0026C8CF /* Products */;
			projectDirPath = "";
			projectRoot = "";
			targets = (
				CE4518B7288AF01B0026C8CF /* CryptoAssetsApp */,
				CE4518CD288AF01E0026C8CF /* CryptoAssetsAppTests */,
				CE0DFCC6288AF74900EBBA05 /* CryptoAssetsUI */,
				CE0DFCE6288AF78F00EBBA05 /* CryptoAssetsUITests */,
				CE0DFD1A288AF99C00EBBA05 /* CryptoAssetsCore */,
				CE0DFD21288AF99C00EBBA05 /* CryptoAssetsCoreTests */,
			);
		};
/* End PBXProject section */

/* Begin PBXResourcesBuildPhase section */
		CE0DFCC5288AF74900EBBA05 /* Resources */ = {
			isa = PBXResourcesBuildPhase;
			buildActionMask = 2147483647;
			files = (
				CE0DFD52288B931D00EBBA05 /* CoinsList.storyboard in Resources */,
			);
			runOnlyForDeploymentPostprocessing = 0;
		};
		CE0DFCE5288AF78F00EBBA05 /* Resources */ = {
			isa = PBXResourcesBuildPhase;
			buildActionMask = 2147483647;
			files = (
			);
			runOnlyForDeploymentPostprocessing = 0;
		};
		CE0DFD19288AF99C00EBBA05 /* Resources */ = {
			isa = PBXResourcesBuildPhase;
			buildActionMask = 2147483647;
			files = (
			);
			runOnlyForDeploymentPostprocessing = 0;
		};
		CE0DFD20288AF99C00EBBA05 /* Resources */ = {
			isa = PBXResourcesBuildPhase;
			buildActionMask = 2147483647;
			files = (
			);
			runOnlyForDeploymentPostprocessing = 0;
		};
		CE4518B6288AF01B0026C8CF /* Resources */ = {
			isa = PBXResourcesBuildPhase;
			buildActionMask = 2147483647;
			files = (
				CE4518C8288AF01D0026C8CF /* LaunchScreen.storyboard in Resources */,
				CE4518C5288AF01D0026C8CF /* Assets.xcassets in Resources */,
			);
			runOnlyForDeploymentPostprocessing = 0;
		};
		CE4518CC288AF01E0026C8CF /* Resources */ = {
			isa = PBXResourcesBuildPhase;
			buildActionMask = 2147483647;
			files = (
			);
			runOnlyForDeploymentPostprocessing = 0;
		};
/* End PBXResourcesBuildPhase section */

/* Begin PBXSourcesBuildPhase section */
		CE0DFCC3288AF74900EBBA05 /* Sources */ = {
			isa = PBXSourcesBuildPhase;
			buildActionMask = 2147483647;
			files = (
				CE0DFD4E288B914000EBBA05 /* CoinCellModel.swift in Sources */,
				CE0DFD57288B9E8400EBBA05 /* CoinsListViewModel.swift in Sources */,
				CE0DFD50288B92C200EBBA05 /* CoinCell.swift in Sources */,
				CE0DFD5B288BA2EC00EBBA05 /* UITableView+Dequeueing.swift in Sources */,
				CE0DFD55288B97CE00EBBA05 /* CoinsListUIComposer.swift in Sources */,
				CE0DFD43288B904C00EBBA05 /* CoinsListViewController.swift in Sources */,
			);
			runOnlyForDeploymentPostprocessing = 0;
		};
		CE0DFCE3288AF78F00EBBA05 /* Sources */ = {
			isa = PBXSourcesBuildPhase;
			buildActionMask = 2147483647;
			files = (
				CE0DFCEA288AF78F00EBBA05 /* CryptoAssetsUITests.swift in Sources */,
			);
			runOnlyForDeploymentPostprocessing = 0;
		};
		CE0DFD17288AF99C00EBBA05 /* Sources */ = {
			isa = PBXSourcesBuildPhase;
			buildActionMask = 2147483647;
			files = (
				CE0DFD3F288B04B700EBBA05 /* CoinService.swift in Sources */,
				CE0DFD3D288AFEF600EBBA05 /* Coin.swift in Sources */,
			);
			runOnlyForDeploymentPostprocessing = 0;
		};
		CE0DFD1E288AF99C00EBBA05 /* Sources */ = {
			isa = PBXSourcesBuildPhase;
			buildActionMask = 2147483647;
			files = (
				CE0DFD2A288AF99C00EBBA05 /* CryptoAssetsCoreTests.swift in Sources */,
			);
			runOnlyForDeploymentPostprocessing = 0;
		};
		CE4518B4288AF01B0026C8CF /* Sources */ = {
			isa = PBXSourcesBuildPhase;
			buildActionMask = 2147483647;
			files = (
				CE4518BC288AF01B0026C8CF /* AppDelegate.swift in Sources */,
				CE4518BE288AF01B0026C8CF /* SceneDelegate.swift in Sources */,
			);
			runOnlyForDeploymentPostprocessing = 0;
		};
		CE4518CA288AF01E0026C8CF /* Sources */ = {
			isa = PBXSourcesBuildPhase;
			buildActionMask = 2147483647;
			files = (
				CE4518D3288AF01E0026C8CF /* CryptoAssetsAppTests.swift in Sources */,
			);
			runOnlyForDeploymentPostprocessing = 0;
		};
/* End PBXSourcesBuildPhase section */

/* Begin PBXTargetDependency section */
		CE0DFCD9288AF74900EBBA05 /* PBXTargetDependency */ = {
			isa = PBXTargetDependency;
			target = CE0DFCC6288AF74900EBBA05 /* CryptoAssetsUI */;
			targetProxy = CE0DFCD8288AF74900EBBA05 /* PBXContainerItemProxy */;
		};
		CE0DFCED288AF78F00EBBA05 /* PBXTargetDependency */ = {
			isa = PBXTargetDependency;
			target = CE0DFCC6288AF74900EBBA05 /* CryptoAssetsUI */;
			targetProxy = CE0DFCEC288AF78F00EBBA05 /* PBXContainerItemProxy */;
		};
		CE0DFCF2288AF82F00EBBA05 /* PBXTargetDependency */ = {
			isa = PBXTargetDependency;
			target = CE4518B7288AF01B0026C8CF /* CryptoAssetsApp */;
			targetProxy = CE0DFCF1288AF82F00EBBA05 /* PBXContainerItemProxy */;
		};
		CE0DFD25288AF99C00EBBA05 /* PBXTargetDependency */ = {
			isa = PBXTargetDependency;
			target = CE0DFD1A288AF99C00EBBA05 /* CryptoAssetsCore */;
			targetProxy = CE0DFD24288AF99C00EBBA05 /* PBXContainerItemProxy */;
		};
		CE0DFD27288AF99C00EBBA05 /* PBXTargetDependency */ = {
			isa = PBXTargetDependency;
			target = CE4518B7288AF01B0026C8CF /* CryptoAssetsApp */;
			targetProxy = CE0DFD26288AF99C00EBBA05 /* PBXContainerItemProxy */;
		};
		CE0DFD2D288AF99C00EBBA05 /* PBXTargetDependency */ = {
			isa = PBXTargetDependency;
			target = CE0DFD1A288AF99C00EBBA05 /* CryptoAssetsCore */;
			targetProxy = CE0DFD2C288AF99C00EBBA05 /* PBXContainerItemProxy */;
		};
		CE0DFD4A288B90C200EBBA05 /* PBXTargetDependency */ = {
			isa = PBXTargetDependency;
			target = CE0DFD1A288AF99C00EBBA05 /* CryptoAssetsCore */;
			targetProxy = CE0DFD49288B90C200EBBA05 /* PBXContainerItemProxy */;
		};
		CE4518D0288AF01E0026C8CF /* PBXTargetDependency */ = {
			isa = PBXTargetDependency;
			target = CE4518B7288AF01B0026C8CF /* CryptoAssetsApp */;
			targetProxy = CE4518CF288AF01E0026C8CF /* PBXContainerItemProxy */;
		};
/* End PBXTargetDependency section */

/* Begin PBXVariantGroup section */
		CE4518C6288AF01D0026C8CF /* LaunchScreen.storyboard */ = {
			isa = PBXVariantGroup;
			children = (
				CE4518C7288AF01D0026C8CF /* Base */,
			);
			name = LaunchScreen.storyboard;
			sourceTree = "<group>";
		};
/* End PBXVariantGroup section */

/* Begin XCBuildConfiguration section */
		CE0DFCDD288AF74900EBBA05 /* Debug */ = {
			isa = XCBuildConfiguration;
			buildSettings = {
				CLANG_ENABLE_MODULES = YES;
				CODE_SIGN_STYLE = Automatic;
				CURRENT_PROJECT_VERSION = 1;
				DEFINES_MODULE = YES;
				DYLIB_COMPATIBILITY_VERSION = 1;
				DYLIB_CURRENT_VERSION = 1;
				DYLIB_INSTALL_NAME_BASE = "@rpath";
				GENERATE_INFOPLIST_FILE = YES;
				INFOPLIST_KEY_NSHumanReadableCopyright = "";
				INSTALL_PATH = "$(LOCAL_LIBRARY_DIR)/Frameworks";
				LD_RUNPATH_SEARCH_PATHS = (
					"$(inherited)",
					"@executable_path/Frameworks",
					"@loader_path/Frameworks",
				);
				MARKETING_VERSION = 1.0;
				PRODUCT_BUNDLE_IDENTIFIER = com.hoangnn.CryptoAssetsUI;
				PRODUCT_NAME = "$(TARGET_NAME:c99extidentifier)";
				SKIP_INSTALL = YES;
				SUPPORTS_MACCATALYST = NO;
				SWIFT_EMIT_LOC_STRINGS = YES;
				SWIFT_OPTIMIZATION_LEVEL = "-Onone";
				SWIFT_VERSION = 5.0;
				TARGETED_DEVICE_FAMILY = 1;
				VERSIONING_SYSTEM = "apple-generic";
				VERSION_INFO_PREFIX = "";
			};
			name = Debug;
		};
		CE0DFCDE288AF74900EBBA05 /* Release */ = {
			isa = XCBuildConfiguration;
			buildSettings = {
				CLANG_ENABLE_MODULES = YES;
				CODE_SIGN_STYLE = Automatic;
				CURRENT_PROJECT_VERSION = 1;
				DEFINES_MODULE = YES;
				DYLIB_COMPATIBILITY_VERSION = 1;
				DYLIB_CURRENT_VERSION = 1;
				DYLIB_INSTALL_NAME_BASE = "@rpath";
				GENERATE_INFOPLIST_FILE = YES;
				INFOPLIST_KEY_NSHumanReadableCopyright = "";
				INSTALL_PATH = "$(LOCAL_LIBRARY_DIR)/Frameworks";
				LD_RUNPATH_SEARCH_PATHS = (
					"$(inherited)",
					"@executable_path/Frameworks",
					"@loader_path/Frameworks",
				);
				MARKETING_VERSION = 1.0;
				PRODUCT_BUNDLE_IDENTIFIER = com.hoangnn.CryptoAssetsUI;
				PRODUCT_NAME = "$(TARGET_NAME:c99extidentifier)";
				SKIP_INSTALL = YES;
				SUPPORTS_MACCATALYST = NO;
				SWIFT_EMIT_LOC_STRINGS = YES;
				SWIFT_VERSION = 5.0;
				TARGETED_DEVICE_FAMILY = 1;
				VERSIONING_SYSTEM = "apple-generic";
				VERSION_INFO_PREFIX = "";
			};
			name = Release;
		};
		CE0DFCEF288AF78F00EBBA05 /* Debug */ = {
			isa = XCBuildConfiguration;
			buildSettings = {
				ALWAYS_EMBED_SWIFT_STANDARD_LIBRARIES = YES;
				CODE_SIGN_STYLE = Automatic;
				CURRENT_PROJECT_VERSION = 1;
				GENERATE_INFOPLIST_FILE = YES;
				MARKETING_VERSION = 1.0;
				PRODUCT_BUNDLE_IDENTIFIER = com.hoangnn.CryptoAssetsUITests;
				PRODUCT_NAME = "$(TARGET_NAME)";
				SWIFT_EMIT_LOC_STRINGS = NO;
				SWIFT_VERSION = 5.0;
				TARGETED_DEVICE_FAMILY = "1,2";
			};
			name = Debug;
		};
		CE0DFCF0288AF78F00EBBA05 /* Release */ = {
			isa = XCBuildConfiguration;
			buildSettings = {
				ALWAYS_EMBED_SWIFT_STANDARD_LIBRARIES = YES;
				CODE_SIGN_STYLE = Automatic;
				CURRENT_PROJECT_VERSION = 1;
				GENERATE_INFOPLIST_FILE = YES;
				MARKETING_VERSION = 1.0;
				PRODUCT_BUNDLE_IDENTIFIER = com.hoangnn.CryptoAssetsUITests;
				PRODUCT_NAME = "$(TARGET_NAME)";
				SWIFT_EMIT_LOC_STRINGS = NO;
				SWIFT_VERSION = 5.0;
				TARGETED_DEVICE_FAMILY = "1,2";
			};
			name = Release;
		};
		CE0DFD31288AF99C00EBBA05 /* Debug */ = {
			isa = XCBuildConfiguration;
			buildSettings = {
				CLANG_ENABLE_MODULES = YES;
				CODE_SIGN_STYLE = Automatic;
				CURRENT_PROJECT_VERSION = 1;
				DEFINES_MODULE = YES;
				DYLIB_COMPATIBILITY_VERSION = 1;
				DYLIB_CURRENT_VERSION = 1;
				DYLIB_INSTALL_NAME_BASE = "@rpath";
				GENERATE_INFOPLIST_FILE = YES;
				INFOPLIST_KEY_NSHumanReadableCopyright = "";
				INSTALL_PATH = "$(LOCAL_LIBRARY_DIR)/Frameworks";
				LD_RUNPATH_SEARCH_PATHS = (
					"$(inherited)",
					"@executable_path/Frameworks",
					"@loader_path/Frameworks",
				);
				MARKETING_VERSION = 1.0;
				PRODUCT_BUNDLE_IDENTIFIER = com.hoangnn.CryptoAssetsCore;
				PRODUCT_NAME = "$(TARGET_NAME:c99extidentifier)";
				SKIP_INSTALL = YES;
				SWIFT_EMIT_LOC_STRINGS = YES;
				SWIFT_OPTIMIZATION_LEVEL = "-Onone";
				SWIFT_VERSION = 5.0;
				TARGETED_DEVICE_FAMILY = "1,2";
				VERSIONING_SYSTEM = "apple-generic";
				VERSION_INFO_PREFIX = "";
			};
			name = Debug;
		};
		CE0DFD32288AF99C00EBBA05 /* Release */ = {
			isa = XCBuildConfiguration;
			buildSettings = {
				CLANG_ENABLE_MODULES = YES;
				CODE_SIGN_STYLE = Automatic;
				CURRENT_PROJECT_VERSION = 1;
				DEFINES_MODULE = YES;
				DYLIB_COMPATIBILITY_VERSION = 1;
				DYLIB_CURRENT_VERSION = 1;
				DYLIB_INSTALL_NAME_BASE = "@rpath";
				GENERATE_INFOPLIST_FILE = YES;
				INFOPLIST_KEY_NSHumanReadableCopyright = "";
				INSTALL_PATH = "$(LOCAL_LIBRARY_DIR)/Frameworks";
				LD_RUNPATH_SEARCH_PATHS = (
					"$(inherited)",
					"@executable_path/Frameworks",
					"@loader_path/Frameworks",
				);
				MARKETING_VERSION = 1.0;
				PRODUCT_BUNDLE_IDENTIFIER = com.hoangnn.CryptoAssetsCore;
				PRODUCT_NAME = "$(TARGET_NAME:c99extidentifier)";
				SKIP_INSTALL = YES;
				SWIFT_EMIT_LOC_STRINGS = YES;
				SWIFT_VERSION = 5.0;
				TARGETED_DEVICE_FAMILY = "1,2";
				VERSIONING_SYSTEM = "apple-generic";
				VERSION_INFO_PREFIX = "";
			};
			name = Release;
		};
		CE0DFD34288AF99C00EBBA05 /* Debug */ = {
			isa = XCBuildConfiguration;
			buildSettings = {
				ALWAYS_EMBED_SWIFT_STANDARD_LIBRARIES = YES;
				CODE_SIGN_STYLE = Automatic;
				CURRENT_PROJECT_VERSION = 1;
				GENERATE_INFOPLIST_FILE = YES;
				MARKETING_VERSION = 1.0;
				PRODUCT_BUNDLE_IDENTIFIER = com.hoangnn.CryptoAssetsCoreTests;
				PRODUCT_NAME = "$(TARGET_NAME)";
				SWIFT_EMIT_LOC_STRINGS = NO;
				SWIFT_VERSION = 5.0;
				TARGETED_DEVICE_FAMILY = "1,2";
				TEST_HOST = "$(BUILT_PRODUCTS_DIR)/CryptoAssetsApp.app/CryptoAssetsApp";
			};
			name = Debug;
		};
		CE0DFD35288AF99C00EBBA05 /* Release */ = {
			isa = XCBuildConfiguration;
			buildSettings = {
				ALWAYS_EMBED_SWIFT_STANDARD_LIBRARIES = YES;
				CODE_SIGN_STYLE = Automatic;
				CURRENT_PROJECT_VERSION = 1;
				GENERATE_INFOPLIST_FILE = YES;
				MARKETING_VERSION = 1.0;
				PRODUCT_BUNDLE_IDENTIFIER = com.hoangnn.CryptoAssetsCoreTests;
				PRODUCT_NAME = "$(TARGET_NAME)";
				SWIFT_EMIT_LOC_STRINGS = NO;
				SWIFT_VERSION = 5.0;
				TARGETED_DEVICE_FAMILY = "1,2";
				TEST_HOST = "$(BUILT_PRODUCTS_DIR)/CryptoAssetsApp.app/CryptoAssetsApp";
			};
			name = Release;
		};
		CE4518E0288AF01E0026C8CF /* Debug */ = {
			isa = XCBuildConfiguration;
			buildSettings = {
				ALWAYS_SEARCH_USER_PATHS = NO;
				CLANG_ANALYZER_NONNULL = YES;
				CLANG_ANALYZER_NUMBER_OBJECT_CONVERSION = YES_AGGRESSIVE;
				CLANG_CXX_LANGUAGE_STANDARD = "gnu++17";
				CLANG_ENABLE_MODULES = YES;
				CLANG_ENABLE_OBJC_ARC = YES;
				CLANG_ENABLE_OBJC_WEAK = YES;
				CLANG_WARN_BLOCK_CAPTURE_AUTORELEASING = YES;
				CLANG_WARN_BOOL_CONVERSION = YES;
				CLANG_WARN_COMMA = YES;
				CLANG_WARN_CONSTANT_CONVERSION = YES;
				CLANG_WARN_DEPRECATED_OBJC_IMPLEMENTATIONS = YES;
				CLANG_WARN_DIRECT_OBJC_ISA_USAGE = YES_ERROR;
				CLANG_WARN_DOCUMENTATION_COMMENTS = YES;
				CLANG_WARN_EMPTY_BODY = YES;
				CLANG_WARN_ENUM_CONVERSION = YES;
				CLANG_WARN_INFINITE_RECURSION = YES;
				CLANG_WARN_INT_CONVERSION = YES;
				CLANG_WARN_NON_LITERAL_NULL_CONVERSION = YES;
				CLANG_WARN_OBJC_IMPLICIT_RETAIN_SELF = YES;
				CLANG_WARN_OBJC_LITERAL_CONVERSION = YES;
				CLANG_WARN_OBJC_ROOT_CLASS = YES_ERROR;
				CLANG_WARN_QUOTED_INCLUDE_IN_FRAMEWORK_HEADER = YES;
				CLANG_WARN_RANGE_LOOP_ANALYSIS = YES;
				CLANG_WARN_STRICT_PROTOTYPES = YES;
				CLANG_WARN_SUSPICIOUS_MOVE = YES;
				CLANG_WARN_UNGUARDED_AVAILABILITY = YES_AGGRESSIVE;
				CLANG_WARN_UNREACHABLE_CODE = YES;
				CLANG_WARN__DUPLICATE_METHOD_MATCH = YES;
				COPY_PHASE_STRIP = NO;
				DEBUG_INFORMATION_FORMAT = dwarf;
				ENABLE_STRICT_OBJC_MSGSEND = YES;
				ENABLE_TESTABILITY = YES;
				GCC_C_LANGUAGE_STANDARD = gnu11;
				GCC_DYNAMIC_NO_PIC = NO;
				GCC_NO_COMMON_BLOCKS = YES;
				GCC_OPTIMIZATION_LEVEL = 0;
				GCC_PREPROCESSOR_DEFINITIONS = (
					"DEBUG=1",
					"$(inherited)",
				);
				GCC_WARN_64_TO_32_BIT_CONVERSION = YES;
				GCC_WARN_ABOUT_RETURN_TYPE = YES_ERROR;
				GCC_WARN_UNDECLARED_SELECTOR = YES;
				GCC_WARN_UNINITIALIZED_AUTOS = YES_AGGRESSIVE;
				GCC_WARN_UNUSED_FUNCTION = YES;
				GCC_WARN_UNUSED_VARIABLE = YES;
				IPHONEOS_DEPLOYMENT_TARGET = 15.5;
				MTL_ENABLE_DEBUG_INFO = INCLUDE_SOURCE;
				MTL_FAST_MATH = YES;
				ONLY_ACTIVE_ARCH = YES;
				SDKROOT = iphoneos;
				SWIFT_ACTIVE_COMPILATION_CONDITIONS = DEBUG;
				SWIFT_OPTIMIZATION_LEVEL = "-Onone";
			};
			name = Debug;
		};
		CE4518E1288AF01E0026C8CF /* Release */ = {
			isa = XCBuildConfiguration;
			buildSettings = {
				ALWAYS_SEARCH_USER_PATHS = NO;
				CLANG_ANALYZER_NONNULL = YES;
				CLANG_ANALYZER_NUMBER_OBJECT_CONVERSION = YES_AGGRESSIVE;
				CLANG_CXX_LANGUAGE_STANDARD = "gnu++17";
				CLANG_ENABLE_MODULES = YES;
				CLANG_ENABLE_OBJC_ARC = YES;
				CLANG_ENABLE_OBJC_WEAK = YES;
				CLANG_WARN_BLOCK_CAPTURE_AUTORELEASING = YES;
				CLANG_WARN_BOOL_CONVERSION = YES;
				CLANG_WARN_COMMA = YES;
				CLANG_WARN_CONSTANT_CONVERSION = YES;
				CLANG_WARN_DEPRECATED_OBJC_IMPLEMENTATIONS = YES;
				CLANG_WARN_DIRECT_OBJC_ISA_USAGE = YES_ERROR;
				CLANG_WARN_DOCUMENTATION_COMMENTS = YES;
				CLANG_WARN_EMPTY_BODY = YES;
				CLANG_WARN_ENUM_CONVERSION = YES;
				CLANG_WARN_INFINITE_RECURSION = YES;
				CLANG_WARN_INT_CONVERSION = YES;
				CLANG_WARN_NON_LITERAL_NULL_CONVERSION = YES;
				CLANG_WARN_OBJC_IMPLICIT_RETAIN_SELF = YES;
				CLANG_WARN_OBJC_LITERAL_CONVERSION = YES;
				CLANG_WARN_OBJC_ROOT_CLASS = YES_ERROR;
				CLANG_WARN_QUOTED_INCLUDE_IN_FRAMEWORK_HEADER = YES;
				CLANG_WARN_RANGE_LOOP_ANALYSIS = YES;
				CLANG_WARN_STRICT_PROTOTYPES = YES;
				CLANG_WARN_SUSPICIOUS_MOVE = YES;
				CLANG_WARN_UNGUARDED_AVAILABILITY = YES_AGGRESSIVE;
				CLANG_WARN_UNREACHABLE_CODE = YES;
				CLANG_WARN__DUPLICATE_METHOD_MATCH = YES;
				COPY_PHASE_STRIP = NO;
				DEBUG_INFORMATION_FORMAT = "dwarf-with-dsym";
				ENABLE_NS_ASSERTIONS = NO;
				ENABLE_STRICT_OBJC_MSGSEND = YES;
				GCC_C_LANGUAGE_STANDARD = gnu11;
				GCC_NO_COMMON_BLOCKS = YES;
				GCC_WARN_64_TO_32_BIT_CONVERSION = YES;
				GCC_WARN_ABOUT_RETURN_TYPE = YES_ERROR;
				GCC_WARN_UNDECLARED_SELECTOR = YES;
				GCC_WARN_UNINITIALIZED_AUTOS = YES_AGGRESSIVE;
				GCC_WARN_UNUSED_FUNCTION = YES;
				GCC_WARN_UNUSED_VARIABLE = YES;
				IPHONEOS_DEPLOYMENT_TARGET = 15.5;
				MTL_ENABLE_DEBUG_INFO = NO;
				MTL_FAST_MATH = YES;
				SDKROOT = iphoneos;
				SWIFT_COMPILATION_MODE = wholemodule;
				SWIFT_OPTIMIZATION_LEVEL = "-O";
				VALIDATE_PRODUCT = YES;
			};
			name = Release;
		};
		CE4518E3288AF01E0026C8CF /* Debug */ = {
			isa = XCBuildConfiguration;
			buildSettings = {
				ALWAYS_EMBED_SWIFT_STANDARD_LIBRARIES = YES;
				ASSETCATALOG_COMPILER_APPICON_NAME = AppIcon;
				ASSETCATALOG_COMPILER_GLOBAL_ACCENT_COLOR_NAME = AccentColor;
				CODE_SIGN_STYLE = Automatic;
				CURRENT_PROJECT_VERSION = 1;
				GENERATE_INFOPLIST_FILE = YES;
				INFOPLIST_FILE = "CryptoAssetsApp/Supporting Files/Info.plist";
				INFOPLIST_KEY_UIApplicationSupportsIndirectInputEvents = YES;
				INFOPLIST_KEY_UILaunchStoryboardName = LaunchScreen;
				INFOPLIST_KEY_UISupportedInterfaceOrientations_iPad = "UIInterfaceOrientationPortrait UIInterfaceOrientationPortraitUpsideDown UIInterfaceOrientationLandscapeLeft UIInterfaceOrientationLandscapeRight";
				INFOPLIST_KEY_UISupportedInterfaceOrientations_iPhone = "UIInterfaceOrientationPortrait UIInterfaceOrientationLandscapeLeft UIInterfaceOrientationLandscapeRight";
				LD_RUNPATH_SEARCH_PATHS = (
					"$(inherited)",
					"@executable_path/Frameworks",
				);
				MARKETING_VERSION = 1.0;
				PRODUCT_BUNDLE_IDENTIFIER = com.hoangnn.CryptoAssetsApp;
				PRODUCT_NAME = "$(TARGET_NAME)";
				SWIFT_EMIT_LOC_STRINGS = YES;
				SWIFT_VERSION = 5.0;
				TARGETED_DEVICE_FAMILY = 1;
			};
			name = Debug;
		};
		CE4518E4288AF01E0026C8CF /* Release */ = {
			isa = XCBuildConfiguration;
			buildSettings = {
				ALWAYS_EMBED_SWIFT_STANDARD_LIBRARIES = YES;
				ASSETCATALOG_COMPILER_APPICON_NAME = AppIcon;
				ASSETCATALOG_COMPILER_GLOBAL_ACCENT_COLOR_NAME = AccentColor;
				CODE_SIGN_STYLE = Automatic;
				CURRENT_PROJECT_VERSION = 1;
				GENERATE_INFOPLIST_FILE = YES;
				INFOPLIST_FILE = "CryptoAssetsApp/Supporting Files/Info.plist";
				INFOPLIST_KEY_UIApplicationSupportsIndirectInputEvents = YES;
				INFOPLIST_KEY_UILaunchStoryboardName = LaunchScreen;
				INFOPLIST_KEY_UISupportedInterfaceOrientations_iPad = "UIInterfaceOrientationPortrait UIInterfaceOrientationPortraitUpsideDown UIInterfaceOrientationLandscapeLeft UIInterfaceOrientationLandscapeRight";
				INFOPLIST_KEY_UISupportedInterfaceOrientations_iPhone = "UIInterfaceOrientationPortrait UIInterfaceOrientationLandscapeLeft UIInterfaceOrientationLandscapeRight";
				LD_RUNPATH_SEARCH_PATHS = (
					"$(inherited)",
					"@executable_path/Frameworks",
				);
				MARKETING_VERSION = 1.0;
				PRODUCT_BUNDLE_IDENTIFIER = com.hoangnn.CryptoAssetsApp;
				PRODUCT_NAME = "$(TARGET_NAME)";
				SWIFT_EMIT_LOC_STRINGS = YES;
				SWIFT_VERSION = 5.0;
				TARGETED_DEVICE_FAMILY = 1;
			};
			name = Release;
		};
		CE4518E6288AF01E0026C8CF /* Debug */ = {
			isa = XCBuildConfiguration;
			buildSettings = {
				ALWAYS_EMBED_SWIFT_STANDARD_LIBRARIES = YES;
				BUNDLE_LOADER = "$(TEST_HOST)";
				CODE_SIGN_STYLE = Automatic;
				CURRENT_PROJECT_VERSION = 1;
				GENERATE_INFOPLIST_FILE = YES;
				IPHONEOS_DEPLOYMENT_TARGET = 15.5;
				MARKETING_VERSION = 1.0;
				PRODUCT_BUNDLE_IDENTIFIER = com.hoangnn.CryptoAssetsAppTests;
				PRODUCT_NAME = "$(TARGET_NAME)";
				SWIFT_EMIT_LOC_STRINGS = NO;
				SWIFT_VERSION = 5.0;
				TARGETED_DEVICE_FAMILY = "1,2";
				TEST_HOST = "$(BUILT_PRODUCTS_DIR)/CryptoAssetsApp.app/CryptoAssetsApp";
			};
			name = Debug;
		};
		CE4518E7288AF01E0026C8CF /* Release */ = {
			isa = XCBuildConfiguration;
			buildSettings = {
				ALWAYS_EMBED_SWIFT_STANDARD_LIBRARIES = YES;
				BUNDLE_LOADER = "$(TEST_HOST)";
				CODE_SIGN_STYLE = Automatic;
				CURRENT_PROJECT_VERSION = 1;
				GENERATE_INFOPLIST_FILE = YES;
				IPHONEOS_DEPLOYMENT_TARGET = 15.5;
				MARKETING_VERSION = 1.0;
				PRODUCT_BUNDLE_IDENTIFIER = com.hoangnn.CryptoAssetsAppTests;
				PRODUCT_NAME = "$(TARGET_NAME)";
				SWIFT_EMIT_LOC_STRINGS = NO;
				SWIFT_VERSION = 5.0;
				TARGETED_DEVICE_FAMILY = "1,2";
				TEST_HOST = "$(BUILT_PRODUCTS_DIR)/CryptoAssetsApp.app/CryptoAssetsApp";
			};
			name = Release;
		};
/* End XCBuildConfiguration section */

/* Begin XCConfigurationList section */
		CE0DFCE1288AF74900EBBA05 /* Build configuration list for PBXNativeTarget "CryptoAssetsUI" */ = {
			isa = XCConfigurationList;
			buildConfigurations = (
				CE0DFCDD288AF74900EBBA05 /* Debug */,
				CE0DFCDE288AF74900EBBA05 /* Release */,
			);
			defaultConfigurationIsVisible = 0;
			defaultConfigurationName = Release;
		};
		CE0DFCEE288AF78F00EBBA05 /* Build configuration list for PBXNativeTarget "CryptoAssetsUITests" */ = {
			isa = XCConfigurationList;
			buildConfigurations = (
				CE0DFCEF288AF78F00EBBA05 /* Debug */,
				CE0DFCF0288AF78F00EBBA05 /* Release */,
			);
			defaultConfigurationIsVisible = 0;
			defaultConfigurationName = Release;
		};
		CE0DFD30288AF99C00EBBA05 /* Build configuration list for PBXNativeTarget "CryptoAssetsCore" */ = {
			isa = XCConfigurationList;
			buildConfigurations = (
				CE0DFD31288AF99C00EBBA05 /* Debug */,
				CE0DFD32288AF99C00EBBA05 /* Release */,
			);
			defaultConfigurationIsVisible = 0;
			defaultConfigurationName = Release;
		};
		CE0DFD33288AF99C00EBBA05 /* Build configuration list for PBXNativeTarget "CryptoAssetsCoreTests" */ = {
			isa = XCConfigurationList;
			buildConfigurations = (
				CE0DFD34288AF99C00EBBA05 /* Debug */,
				CE0DFD35288AF99C00EBBA05 /* Release */,
			);
			defaultConfigurationIsVisible = 0;
			defaultConfigurationName = Release;
		};
		CE4518B3288AF01B0026C8CF /* Build configuration list for PBXProject "CryptoAssetsApp" */ = {
			isa = XCConfigurationList;
			buildConfigurations = (
				CE4518E0288AF01E0026C8CF /* Debug */,
				CE4518E1288AF01E0026C8CF /* Release */,
			);
			defaultConfigurationIsVisible = 0;
			defaultConfigurationName = Release;
		};
		CE4518E2288AF01E0026C8CF /* Build configuration list for PBXNativeTarget "CryptoAssetsApp" */ = {
			isa = XCConfigurationList;
			buildConfigurations = (
				CE4518E3288AF01E0026C8CF /* Debug */,
				CE4518E4288AF01E0026C8CF /* Release */,
			);
			defaultConfigurationIsVisible = 0;
			defaultConfigurationName = Release;
		};
		CE4518E5288AF01E0026C8CF /* Build configuration list for PBXNativeTarget "CryptoAssetsAppTests" */ = {
			isa = XCConfigurationList;
			buildConfigurations = (
				CE4518E6288AF01E0026C8CF /* Debug */,
				CE4518E7288AF01E0026C8CF /* Release */,
			);
			defaultConfigurationIsVisible = 0;
			defaultConfigurationName = Release;
		};
/* End XCConfigurationList section */
	};
	rootObject = CE4518B0288AF01B0026C8CF /* Project object */;
}
